
Microsoft Visual Studio Solution File, Format Version 12.00
# Visual Studio Version 17
VisualStudioVersion = 17.2.32516.85
MinimumVisualStudioVersion = 10.0.40219.1
Project("{9A19103F-16F7-4668-BE54-9A1E7A4F7556}") = "vanja-16-task", "vanja-16-task.csproj", "{0E1E8697-3DD0-4C4D-8D71-5E133975BC12}"
EndProject
Global
	GlobalSection(SolutionConfigurationPlatforms) = preSolution
		Debug|Any CPU = Debug|Any CPU
		Release|Any CPU = Release|Any CPU
	EndGlobalSection
	GlobalSection(ProjectConfigurationPlatforms) = postSolution
		{0E1E8697-3DD0-4C4D-8D71-5E133975BC12}.Debug|Any CPU.ActiveCfg = Debug|Any CPU
		{0E1E8697-3DD0-4C4D-8D71-5E133975BC12}.Debug|Any CPU.Build.0 = Debug|Any CPU
		{0E1E8697-3DD0-4C4D-8D71-5E133975BC12}.Release|Any CPU.ActiveCfg = Release|Any CPU
		{0E1E8697-3DD0-4C4D-8D71-5E133975BC12}.Release|Any CPU.Build.0 = Release|Any CPU
	EndGlobalSection
	GlobalSection(SolutionProperties) = preSolution
		HideSolutionNode = FALSE
	EndGlobalSection
	GlobalSection(ExtensibilityGlobals) = postSolution
		SolutionGuid = {4745CE3F-34EC-4F0A-8404-8673F3E62EE1}
	EndGlobalSection
EndGlobal
